
Microsoft Visual Studio Solution File, Format Version 12.00
# Visual Studio Version 16
VisualStudioVersion = 16.0.31624.102
MinimumVisualStudioVersion = 10.0.40219.1
Project("{FAE04EC0-301F-11D3-BF4B-00C04F79EFBC}") = "DogonPotVariation", "DogonPotVariation\DogonPotVariation.csproj", "{ACD1AA8F-67B9-4AFF-A371-7A711B4991C5}"
EndProject
Global
	GlobalSection(SolutionConfigurationPlatforms) = preSolution
		Debug|Any CPU = Debug|Any CPU
		Release|Any CPU = Release|Any CPU
	EndGlobalSection
	GlobalSection(ProjectConfigurationPlatforms) = postSolution
		{ACD1AA8F-67B9-4AFF-A371-7A711B4991C5}.Debug|Any CPU.ActiveCfg = Debug|Any CPU
		{ACD1AA8F-67B9-4AFF-A371-7A711B4991C5}.Debug|Any CPU.Build.0 = Debug|Any CPU
		{ACD1AA8F-67B9-4AFF-A371-7A711B4991C5}.Release|Any CPU.ActiveCfg = Release|Any CPU
		{ACD1AA8F-67B9-4AFF-A371-7A711B4991C5}.Release|Any CPU.Build.0 = Release|Any CPU
	EndGlobalSection
	GlobalSection(SolutionProperties) = preSolution
		HideSolutionNode = FALSE
	EndGlobalSection
	GlobalSection(ExtensibilityGlobals) = postSolution
		SolutionGuid = {E1D7467F-D39D-4E96-853A-03F7885C1BEC}
	EndGlobalSection
EndGlobal
